
Microsoft Visual Studio Solution File, Format Version 12.00
# Visual Studio Version 17
VisualStudioVersion = 17.5.33516.290
MinimumVisualStudioVersion = 10.0.40219.1
Project("{FAE04EC0-301F-11D3-BF4B-00C04F79EFBC}") = "AzureCognitiveSearch", "AzureCognitiveSearch\AzureCognitiveSearch.csproj", "{495BE2E7-8504-4AAF-8E92-75286280820B}"
EndProject
Global
	GlobalSection(SolutionConfigurationPlatforms) = preSolution
		Debug|Any CPU = Debug|Any CPU
		Release|Any CPU = Release|Any CPU
	EndGlobalSection
	GlobalSection(ProjectConfigurationPlatforms) = postSolution
		{495BE2E7-8504-4AAF-8E92-75286280820B}.Debug|Any CPU.ActiveCfg = Debug|Any CPU
		{495BE2E7-8504-4AAF-8E92-75286280820B}.Debug|Any CPU.Build.0 = Debug|Any CPU
		{495BE2E7-8504-4AAF-8E92-75286280820B}.Release|Any CPU.ActiveCfg = Release|Any CPU
		{495BE2E7-8504-4AAF-8E92-75286280820B}.Release|Any CPU.Build.0 = Release|Any CPU
	EndGlobalSection
	GlobalSection(SolutionProperties) = preSolution
		HideSolutionNode = FALSE
	EndGlobalSection
	GlobalSection(ExtensibilityGlobals) = postSolution
		SolutionGuid = {6126F771-D7A3-4C6A-8077-7E30A22D74F6}
	EndGlobalSection
EndGlobal
